
Microsoft Visual Studio Solution File, Format Version 12.00
# Visual Studio 15
VisualStudioVersion = 15.0.28307.572
MinimumVisualStudioVersion = 10.0.40219.1
Project("{FAE04EC0-301F-11D3-BF4B-00C04F79EFBC}") = "PrintNumbers", "PrintNumbers\PrintNumbers.csproj", "{F34C444D-EADF-4443-AADC-BF355FF5CCA2}"
EndProject
Project("{FAE04EC0-301F-11D3-BF4B-00C04F79EFBC}") = "PrintFuzzBuzzNumbers", "PrintFuzzBuzzNumbers\PrintFuzzBuzzNumbers.csproj", "{661473C4-BA75-4209-A33E-DE2B751D5EEC}"
EndProject
Global
	GlobalSection(SolutionConfigurationPlatforms) = preSolution
		Debug|Any CPU = Debug|Any CPU
		Release|Any CPU = Release|Any CPU
	EndGlobalSection
	GlobalSection(ProjectConfigurationPlatforms) = postSolution
		{F34C444D-EADF-4443-AADC-BF355FF5CCA2}.Debug|Any CPU.ActiveCfg = Debug|Any CPU
		{F34C444D-EADF-4443-AADC-BF355FF5CCA2}.Debug|Any CPU.Build.0 = Debug|Any CPU
		{F34C444D-EADF-4443-AADC-BF355FF5CCA2}.Release|Any CPU.ActiveCfg = Release|Any CPU
		{F34C444D-EADF-4443-AADC-BF355FF5CCA2}.Release|Any CPU.Build.0 = Release|Any CPU
		{661473C4-BA75-4209-A33E-DE2B751D5EEC}.Debug|Any CPU.ActiveCfg = Debug|Any CPU
		{661473C4-BA75-4209-A33E-DE2B751D5EEC}.Debug|Any CPU.Build.0 = Debug|Any CPU
		{661473C4-BA75-4209-A33E-DE2B751D5EEC}.Release|Any CPU.ActiveCfg = Release|Any CPU
		{661473C4-BA75-4209-A33E-DE2B751D5EEC}.Release|Any CPU.Build.0 = Release|Any CPU
	EndGlobalSection
	GlobalSection(SolutionProperties) = preSolution
		HideSolutionNode = FALSE
	EndGlobalSection
	GlobalSection(ExtensibilityGlobals) = postSolution
		SolutionGuid = {883A4D63-84C8-4ECD-8434-331187B0AA8A}
	EndGlobalSection
EndGlobal
